
Microsoft Visual Studio Solution File, Format Version 12.00
# Visual Studio Version 16
VisualStudioVersion = 16.0.30128.74
MinimumVisualStudioVersion = 10.0.40219.1
Project("{FAE04EC0-301F-11D3-BF4B-00C04F79EFBC}") = "SiraUtil", "SiraUtil\SiraUtil.csproj", "{581CA05B-7EF1-4169-B021-C123AC436EF4}"
EndProject
Global
	GlobalSection(SolutionConfigurationPlatforms) = preSolution
		Debug|Any CPU = Debug|Any CPU
		Release|Any CPU = Release|Any CPU
	EndGlobalSection
	GlobalSection(ProjectConfigurationPlatforms) = postSolution
		{581CA05B-7EF1-4169-B021-C123AC436EF4}.Debug|Any CPU.ActiveCfg = Debug|Any CPU
		{581CA05B-7EF1-4169-B021-C123AC436EF4}.Debug|Any CPU.Build.0 = Debug|Any CPU
		{581CA05B-7EF1-4169-B021-C123AC436EF4}.Release|Any CPU.ActiveCfg = Release|Any CPU
		{581CA05B-7EF1-4169-B021-C123AC436EF4}.Release|Any CPU.Build.0 = Release|Any CPU
	EndGlobalSection
	GlobalSection(SolutionProperties) = preSolution
		HideSolutionNode = FALSE
	EndGlobalSection
	GlobalSection(ExtensibilityGlobals) = postSolution
		SolutionGuid = {5E124AC4-A101-4B39-920F-EC32183999CE}
	EndGlobalSection
EndGlobal
