
Microsoft Visual Studio Solution File, Format Version 12.00
# Visual Studio Version 16
VisualStudioVersion = 16.0.30907.101
MinimumVisualStudioVersion = 10.0.40219.1
Project("{9A19103F-16F7-4668-BE54-9A1E7A4F7556}") = "SiraUtil", "SiraUtil\SiraUtil.csproj", "{1411D1AD-7AD8-4CA2-B207-46BDC66F211A}"
EndProject
Project("{FAE04EC0-301F-11D3-BF4B-00C04F79EFBC}") = "SiraUtil.Suite", "SiraUtil.Suite\SiraUtil.Suite.csproj", "{4F7CBA8A-00ED-4B5B-99E2-98FD366699B2}"
EndProject
Global
	GlobalSection(SolutionConfigurationPlatforms) = preSolution
		Debug|Any CPU = Debug|Any CPU
		Release|Any CPU = Release|Any CPU
	EndGlobalSection
	GlobalSection(ProjectConfigurationPlatforms) = postSolution
		{1411D1AD-7AD8-4CA2-B207-46BDC66F211A}.Debug|Any CPU.ActiveCfg = Debug|Any CPU
		{1411D1AD-7AD8-4CA2-B207-46BDC66F211A}.Debug|Any CPU.Build.0 = Debug|Any CPU
		{1411D1AD-7AD8-4CA2-B207-46BDC66F211A}.Release|Any CPU.ActiveCfg = Release|Any CPU
		{1411D1AD-7AD8-4CA2-B207-46BDC66F211A}.Release|Any CPU.Build.0 = Release|Any CPU
		{4F7CBA8A-00ED-4B5B-99E2-98FD366699B2}.Debug|Any CPU.ActiveCfg = Debug|Any CPU
		{4F7CBA8A-00ED-4B5B-99E2-98FD366699B2}.Debug|Any CPU.Build.0 = Debug|Any CPU
		{4F7CBA8A-00ED-4B5B-99E2-98FD366699B2}.Release|Any CPU.ActiveCfg = Release|Any CPU
		{4F7CBA8A-00ED-4B5B-99E2-98FD366699B2}.Release|Any CPU.Build.0 = Release|Any CPU
	EndGlobalSection
	GlobalSection(SolutionProperties) = preSolution
		HideSolutionNode = FALSE
	EndGlobalSection
	GlobalSection(ExtensibilityGlobals) = postSolution
		SolutionGuid = {2CF65796-F387-4EF2-A200-D3F2A3AA4974}
	EndGlobalSection
EndGlobal
